// !$*UTF8*$!
{
	archiveVersion = 1;
	classes = {
	};
	objectVersion = 46;
	objects = {

/* Begin PBXBuildFile section */
		467F29CAEB08CF627D5F1D0E /* libPods-BuglyHelper.a in Frameworks */ = {isa = PBXBuildFile; fileRef = 644336CDE829C453CC9B52A1 /* libPods-BuglyHelper.a */; };
		9042C49A1F0CC8E50052C393 /* AppDelegate.m in Sources */ = {isa = PBXBuildFile; fileRef = 9042C4991F0CC8E50052C393 /* AppDelegate.m */; };
		9042C49D1F0CC8E50052C393 /* main.m in Sources */ = {isa = PBXBuildFile; fileRef = 9042C49C1F0CC8E50052C393 /* main.m */; };
		9042C4A21F0CC8E50052C393 /* Assets.xcassets in Resources */ = {isa = PBXBuildFile; fileRef = 9042C4A11F0CC8E50052C393 /* Assets.xcassets */; };
		9042C4A51F0CC8E50052C393 /* Main.storyboard in Resources */ = {isa = PBXBuildFile; fileRef = 9042C4A31F0CC8E50052C393 /* Main.storyboard */; };
		90C640FB1F0E2892006288E1 /* CPDateHelper.m in Sources */ = {isa = PBXBuildFile; fileRef = 90C640F21F0E2892006288E1 /* CPDateHelper.m */; };
		90C640FC1F0E2892006288E1 /* CPNetworkService.m in Sources */ = {isa = PBXBuildFile; fileRef = 90C640F61F0E2892006288E1 /* CPNetworkService.m */; };
		90C640FD1F0E2892006288E1 /* ViewController.m in Sources */ = {isa = PBXBuildFile; fileRef = 90C640FA1F0E2892006288E1 /* ViewController.m */; };
		90C641001F0E2C4E006288E1 /* CPCrashInfo.m in Sources */ = {isa = PBXBuildFile; fileRef = 90C640FF1F0E2C4E006288E1 /* CPCrashInfo.m */; };
		90C641031F0E2E10006288E1 /* CPCrashTrend.m in Sources */ = {isa = PBXBuildFile; fileRef = 90C641021F0E2E10006288E1 /* CPCrashTrend.m */; };
/* End PBXBuildFile section */

/* Begin PBXFileReference section */
		250FFE8252B80B042B282FD2 /* Pods-BuglyHelper.debug.xcconfig */ = {isa = PBXFileReference; includeInIndex = 1; lastKnownFileType = text.xcconfig; name = "Pods-BuglyHelper.debug.xcconfig"; path = "Pods/Target Support Files/Pods-BuglyHelper/Pods-BuglyHelper.debug.xcconfig"; sourceTree = "<group>"; };
		644336CDE829C453CC9B52A1 /* libPods-BuglyHelper.a */ = {isa = PBXFileReference; explicitFileType = archive.ar; includeInIndex = 0; path = "libPods-BuglyHelper.a"; sourceTree = BUILT_PRODUCTS_DIR; };
		9042C4951F0CC8E50052C393 /* BuglyHelper.app */ = {isa = PBXFileReference; explicitFileType = wrapper.application; includeInIndex = 0; path = BuglyHelper.app; sourceTree = BUILT_PRODUCTS_DIR; };
		9042C4981F0CC8E50052C393 /* AppDelegate.h */ = {isa = PBXFileReference; lastKnownFileType = sourcecode.c.h; path = AppDelegate.h; sourceTree = "<group>"; };
		9042C4991F0CC8E50052C393 /* AppDelegate.m */ = {isa = PBXFileReference; lastKnownFileType = sourcecode.c.objc; path = AppDelegate.m; sourceTree = "<group>"; };
		9042C49C1F0CC8E50052C393 /* main.m */ = {isa = PBXFileReference; lastKnownFileType = sourcecode.c.objc; path = main.m; sourceTree = "<group>"; };
		9042C4A11F0CC8E50052C393 /* Assets.xcassets */ = {isa = PBXFileReference; lastKnownFileType = folder.assetcatalog; path = Assets.xcassets; sourceTree = "<group>"; };
		9042C4A41F0CC8E50052C393 /* Base */ = {isa = PBXFileReference; lastKnownFileType = file.storyboard; name = Base; path = Base.lproj/Main.storyboard; sourceTree = "<group>"; };
		9042C4A61F0CC8E50052C393 /* Info.plist */ = {isa = PBXFileReference; lastKnownFileType = text.plist.xml; path = Info.plist; sourceTree = "<group>"; };
		90C640F11F0E2892006288E1 /* CPDateHelper.h */ = {isa = PBXFileReference; fileEncoding = 4; lastKnownFileType = sourcecode.c.h; path = CPDateHelper.h; sourceTree = "<group>"; };
		90C640F21F0E2892006288E1 /* CPDateHelper.m */ = {isa = PBXFileReference; fileEncoding = 4; lastKnownFileType = sourcecode.c.objc; path = CPDateHelper.m; sourceTree = "<group>"; };
		90C640F51F0E2892006288E1 /* CPNetworkService.h */ = {isa = PBXFileReference; fileEncoding = 4; lastKnownFileType = sourcecode.c.h; path = CPNetworkService.h; sourceTree = "<group>"; };
		90C640F61F0E2892006288E1 /* CPNetworkService.m */ = {isa = PBXFileReference; fileEncoding = 4; lastKnownFileType = sourcecode.c.objc; path = CPNetworkService.m; sourceTree = "<group>"; };
		90C640F91F0E2892006288E1 /* ViewController.h */ = {isa = PBXFileReference; fileEncoding = 4; lastKnownFileType = sourcecode.c.h; path = ViewController.h; sourceTree = "<group>"; };
		90C640FA1F0E2892006288E1 /* ViewController.m */ = {isa = PBXFileReference; fileEncoding = 4; lastKnownFileType = sourcecode.c.objc; path = ViewController.m; sourceTree = "<group>"; };
		90C640FE1F0E2C4E006288E1 /* CPCrashInfo.h */ = {isa = PBXFileReference; fileEncoding = 4; lastKnownFileType = sourcecode.c.h; path = CPCrashInfo.h; sourceTree = "<group>"; };
		90C640FF1F0E2C4E006288E1 /* CPCrashInfo.m */ = {isa = PBXFileReference; fileEncoding = 4; lastKnownFileType = sourcecode.c.objc; path = CPCrashInfo.m; sourceTree = "<group>"; };
		90C641011F0E2E10006288E1 /* CPCrashTrend.h */ = {isa = PBXFileReference; fileEncoding = 4; lastKnownFileType = sourcecode.c.h; path = CPCrashTrend.h; sourceTree = "<group>"; };
		90C641021F0E2E10006288E1 /* CPCrashTrend.m */ = {isa = PBXFileReference; fileEncoding = 4; lastKnownFileType = sourcecode.c.objc; path = CPCrashTrend.m; sourceTree = "<group>"; };
		E8D80EEFF0E810F53EA94F14 /* Pods-BuglyHelper.release.xcconfig */ = {isa = PBXFileReference; includeInIndex = 1; lastKnownFileType = text.xcconfig; name = "Pods-BuglyHelper.release.xcconfig"; path = "Pods/Target Support Files/Pods-BuglyHelper/Pods-BuglyHelper.release.xcconfig"; sourceTree = "<group>"; };
/* End PBXFileReference section */

/* Begin PBXFrameworksBuildPhase section */
		9042C4921F0CC8E50052C393 /* Frameworks */ = {
			isa = PBXFrameworksBuildPhase;
			buildActionMask = 2147483647;
			files = (
				467F29CAEB08CF627D5F1D0E /* libPods-BuglyHelper.a in Frameworks */,
			);
			runOnlyForDeploymentPostprocessing = 0;
		};
/* End PBXFrameworksBuildPhase section */

/* Begin PBXGroup section */
		5F6BD344CF5699AD84645EED /* Frameworks */ = {
			isa = PBXGroup;
			children = (
				644336CDE829C453CC9B52A1 /* libPods-BuglyHelper.a */,
			);
			name = Frameworks;
			sourceTree = "<group>";
		};
		83CCA5A33398CC0297EA0B24 /* Pods */ = {
			isa = PBXGroup;
			children = (
				250FFE8252B80B042B282FD2 /* Pods-BuglyHelper.debug.xcconfig */,
				E8D80EEFF0E810F53EA94F14 /* Pods-BuglyHelper.release.xcconfig */,
			);
			name = Pods;
			sourceTree = "<group>";
		};
		9042C48C1F0CC8E50052C393 = {
			isa = PBXGroup;
			children = (
				9042C4971F0CC8E50052C393 /* BuglyHelper */,
				9042C4961F0CC8E50052C393 /* Products */,
				83CCA5A33398CC0297EA0B24 /* Pods */,
				5F6BD344CF5699AD84645EED /* Frameworks */,
			);
			sourceTree = "<group>";
		};
		9042C4961F0CC8E50052C393 /* Products */ = {
			isa = PBXGroup;
			children = (
				9042C4951F0CC8E50052C393 /* BuglyHelper.app */,
			);
			name = Products;
			sourceTree = "<group>";
		};
		9042C4971F0CC8E50052C393 /* BuglyHelper */ = {
			isa = PBXGroup;
			children = (
				90C640F01F0E2892006288E1 /* Helper */,
				90C640F31F0E2892006288E1 /* Model */,
				90C640F41F0E2892006288E1 /* Service */,
				90C640F71F0E2892006288E1 /* View */,
				90C640F81F0E2892006288E1 /* ViewController */,
				9042C4981F0CC8E50052C393 /* AppDelegate.h */,
				9042C4991F0CC8E50052C393 /* AppDelegate.m */,
				9042C4A11F0CC8E50052C393 /* Assets.xcassets */,
				9042C4A31F0CC8E50052C393 /* Main.storyboard */,
				9042C4A61F0CC8E50052C393 /* Info.plist */,
				9042C49B1F0CC8E50052C393 /* Supporting Files */,
			);
			path = BuglyHelper;
			sourceTree = "<group>";
		};
		9042C49B1F0CC8E50052C393 /* Supporting Files */ = {
			isa = PBXGroup;
			children = (
				9042C49C1F0CC8E50052C393 /* main.m */,
			);
			name = "Supporting Files";
			sourceTree = "<group>";
		};
		90C640F01F0E2892006288E1 /* Helper */ = {
			isa = PBXGroup;
			children = (
				90C640F11F0E2892006288E1 /* CPDateHelper.h */,
				90C640F21F0E2892006288E1 /* CPDateHelper.m */,
			);
			path = Helper;
			sourceTree = "<group>";
		};
		90C640F31F0E2892006288E1 /* Model */ = {
			isa = PBXGroup;
			children = (
				90C641011F0E2E10006288E1 /* CPCrashTrend.h */,
				90C641021F0E2E10006288E1 /* CPCrashTrend.m */,
				90C640FE1F0E2C4E006288E1 /* CPCrashInfo.h */,
				90C640FF1F0E2C4E006288E1 /* CPCrashInfo.m */,
			);
			path = Model;
			sourceTree = "<group>";
		};
		90C640F41F0E2892006288E1 /* Service */ = {
			isa = PBXGroup;
			children = (
				90C640F51F0E2892006288E1 /* CPNetworkService.h */,
				90C640F61F0E2892006288E1 /* CPNetworkService.m */,
			);
			path = Service;
			sourceTree = "<group>";
		};
		90C640F71F0E2892006288E1 /* View */ = {
			isa = PBXGroup;
			children = (
			);
			path = View;
			sourceTree = "<group>";
		};
		90C640F81F0E2892006288E1 /* ViewController */ = {
			isa = PBXGroup;
			children = (
				90C640F91F0E2892006288E1 /* ViewController.h */,
				90C640FA1F0E2892006288E1 /* ViewController.m */,
			);
			path = ViewController;
			sourceTree = "<group>";
		};
/* End PBXGroup section */

/* Begin PBXNativeTarget section */
		9042C4941F0CC8E50052C393 /* BuglyHelper */ = {
			isa = PBXNativeTarget;
			buildConfigurationList = 9042C4A91F0CC8E50052C393 /* Build configuration list for PBXNativeTarget "BuglyHelper" */;
			buildPhases = (
				C42A56A88030A9E88A3D60D7 /* [CP] Check Pods Manifest.lock */,
				9042C4911F0CC8E50052C393 /* Sources */,
				9042C4921F0CC8E50052C393 /* Frameworks */,
				9042C4931F0CC8E50052C393 /* Resources */,
				B8516968A1D534F661E64A2C /* [CP] Embed Pods Frameworks */,
				0418F658DFFBD6ACFF5F40BB /* [CP] Copy Pods Resources */,
			);
			buildRules = (
			);
			dependencies = (
			);
			name = BuglyHelper;
			productName = BuglyHelper;
			productReference = 9042C4951F0CC8E50052C393 /* BuglyHelper.app */;
			productType = "com.apple.product-type.application";
		};
/* End PBXNativeTarget section */

/* Begin PBXProject section */
		9042C48D1F0CC8E50052C393 /* Project object */ = {
			isa = PBXProject;
			attributes = {
				LastUpgradeCheck = 0830;
				ORGANIZATIONNAME = Parsifal;
				TargetAttributes = {
					9042C4941F0CC8E50052C393 = {
						CreatedOnToolsVersion = 8.3.2;
						DevelopmentTeam = 8F3KT864KL;
						ProvisioningStyle = Automatic;
					};
				};
			};
			buildConfigurationList = 9042C4901F0CC8E50052C393 /* Build configuration list for PBXProject "BuglyHelper" */;
			compatibilityVersion = "Xcode 3.2";
			developmentRegion = English;
			hasScannedForEncodings = 0;
			knownRegions = (
				en,
				Base,
			);
			mainGroup = 9042C48C1F0CC8E50052C393;
			productRefGroup = 9042C4961F0CC8E50052C393 /* Products */;
			projectDirPath = "";
			projectRoot = "";
			targets = (
				9042C4941F0CC8E50052C393 /* BuglyHelper */,
			);
		};
/* End PBXProject section */

/* Begin PBXResourcesBuildPhase section */
		9042C4931F0CC8E50052C393 /* Resources */ = {
			isa = PBXResourcesBuildPhase;
			buildActionMask = 2147483647;
			files = (
				9042C4A21F0CC8E50052C393 /* Assets.xcassets in Resources */,
				9042C4A51F0CC8E50052C393 /* Main.storyboard in Resources */,
			);
			runOnlyForDeploymentPostprocessing = 0;
		};
/* End PBXResourcesBuildPhase section */

/* Begin PBXShellScriptBuildPhase section */
		0418F658DFFBD6ACFF5F40BB /* [CP] Copy Pods Resources */ = {
			isa = PBXShellScriptBuildPhase;
			buildActionMask = 2147483647;
			files = (
			);
			inputPaths = (
			);
			name = "[CP] Copy Pods Resources";
			outputPaths = (
			);
			runOnlyForDeploymentPostprocessing = 0;
			shellPath = /bin/sh;
			shellScript = "\"${SRCROOT}/Pods/Target Support Files/Pods-BuglyHelper/Pods-BuglyHelper-resources.sh\"\n";
			showEnvVarsInLog = 0;
		};
		B8516968A1D534F661E64A2C /* [CP] Embed Pods Frameworks */ = {
			isa = PBXShellScriptBuildPhase;
			buildActionMask = 2147483647;
			files = (
			);
			inputPaths = (
			);
			name = "[CP] Embed Pods Frameworks";
			outputPaths = (
			);
			runOnlyForDeploymentPostprocessing = 0;
			shellPath = /bin/sh;
			shellScript = "\"${SRCROOT}/Pods/Target Support Files/Pods-BuglyHelper/Pods-BuglyHelper-frameworks.sh\"\n";
			showEnvVarsInLog = 0;
		};
		C42A56A88030A9E88A3D60D7 /* [CP] Check Pods Manifest.lock */ = {
			isa = PBXShellScriptBuildPhase;
			buildActionMask = 2147483647;
			files = (
			);
			inputPaths = (
			);
			name = "[CP] Check Pods Manifest.lock";
			outputPaths = (
			);
			runOnlyForDeploymentPostprocessing = 0;
			shellPath = /bin/sh;
			shellScript = "diff \"${PODS_PODFILE_DIR_PATH}/Podfile.lock\" \"${PODS_ROOT}/Manifest.lock\" > /dev/null\nif [ $? != 0 ] ; then\n    # print error to STDERR\n    echo \"error: The sandbox is not in sync with the Podfile.lock. Run 'pod install' or update your CocoaPods installation.\" >&2\n    exit 1\nfi\n";
			showEnvVarsInLog = 0;
		};
/* End PBXShellScriptBuildPhase section */

/* Begin PBXSourcesBuildPhase section */
		9042C4911F0CC8E50052C393 /* Sources */ = {
			isa = PBXSourcesBuildPhase;
			buildActionMask = 2147483647;
			files = (
				90C640FB1F0E2892006288E1 /* CPDateHelper.m in Sources */,
				9042C49D1F0CC8E50052C393 /* main.m in Sources */,
				90C641001F0E2C4E006288E1 /* CPCrashInfo.m in Sources */,
				9042C49A1F0CC8E50052C393 /* AppDelegate.m in Sources */,
				90C640FC1F0E2892006288E1 /* CPNetworkService.m in Sources */,
				90C640FD1F0E2892006288E1 /* ViewController.m in Sources */,
				90C641031F0E2E10006288E1 /* CPCrashTrend.m in Sources */,
			);
			runOnlyForDeploymentPostprocessing = 0;
		};
/* End PBXSourcesBuildPhase section */

/* Begin PBXVariantGroup section */
		9042C4A31F0CC8E50052C393 /* Main.storyboard */ = {
			isa = PBXVariantGroup;
			children = (
				9042C4A41F0CC8E50052C393 /* Base */,
			);
			name = Main.storyboard;
			sourceTree = "<group>";
		};
/* End PBXVariantGroup section */

/* Begin XCBuildConfiguration section */
		9042C4A71F0CC8E50052C393 /* Debug */ = {
			isa = XCBuildConfiguration;
			buildSettings = {
				ALWAYS_SEARCH_USER_PATHS = NO;
				CLANG_ANALYZER_NONNULL = YES;
				CLANG_ANALYZER_NUMBER_OBJECT_CONVERSION = YES_AGGRESSIVE;
				CLANG_CXX_LANGUAGE_STANDARD = "gnu++0x";
				CLANG_CXX_LIBRARY = "libc++";
				CLANG_ENABLE_MODULES = YES;
				CLANG_ENABLE_OBJC_ARC = YES;
				CLANG_WARN_BOOL_CONVERSION = YES;
				CLANG_WARN_CONSTANT_CONVERSION = YES;
				CLANG_WARN_DIRECT_OBJC_ISA_USAGE = YES_ERROR;
				CLANG_WARN_DOCUMENTATION_COMMENTS = YES;
				CLANG_WARN_EMPTY_BODY = YES;
				CLANG_WARN_ENUM_CONVERSION = YES;
				CLANG_WARN_INFINITE_RECURSION = YES;
				CLANG_WARN_INT_CONVERSION = YES;
				CLANG_WARN_OBJC_ROOT_CLASS = YES_ERROR;
				CLANG_WARN_SUSPICIOUS_MOVE = YES;
				CLANG_WARN_UNREACHABLE_CODE = YES;
				CLANG_WARN__DUPLICATE_METHOD_MATCH = YES;
				CODE_SIGN_IDENTITY = "-";
				COPY_PHASE_STRIP = NO;
				DEBUG_INFORMATION_FORMAT = dwarf;
				ENABLE_STRICT_OBJC_MSGSEND = YES;
				ENABLE_TESTABILITY = YES;
				GCC_C_LANGUAGE_STANDARD = gnu99;
				GCC_DYNAMIC_NO_PIC = NO;
				GCC_NO_COMMON_BLOCKS = YES;
				GCC_OPTIMIZATION_LEVEL = 0;
				GCC_PREPROCESSOR_DEFINITIONS = (
					"DEBUG=1",
					"$(inherited)",
				);
				GCC_WARN_64_TO_32_BIT_CONVERSION = YES;
				GCC_WARN_ABOUT_RETURN_TYPE = YES_ERROR;
				GCC_WARN_UNDECLARED_SELECTOR = YES;
				GCC_WARN_UNINITIALIZED_AUTOS = YES_AGGRESSIVE;
				GCC_WARN_UNUSED_FUNCTION = YES;
				GCC_WARN_UNUSED_VARIABLE = YES;
				MACOSX_DEPLOYMENT_TARGET = 10.12;
				MTL_ENABLE_DEBUG_INFO = YES;
				ONLY_ACTIVE_ARCH = YES;
				SDKROOT = macosx;
			};
			name = Debug;
		};
		9042C4A81F0CC8E50052C393 /* Release */ = {
			isa = XCBuildConfiguration;
			buildSettings = {
				ALWAYS_SEARCH_USER_PATHS = NO;
				CLANG_ANALYZER_NONNULL = YES;
				CLANG_ANALYZER_NUMBER_OBJECT_CONVERSION = YES_AGGRESSIVE;
				CLANG_CXX_LANGUAGE_STANDARD = "gnu++0x";
				CLANG_CXX_LIBRARY = "libc++";
				CLANG_ENABLE_MODULES = YES;
				CLANG_ENABLE_OBJC_ARC = YES;
				CLANG_WARN_BOOL_CONVERSION = YES;
				CLANG_WARN_CONSTANT_CONVERSION = YES;
				CLANG_WARN_DIRECT_OBJC_ISA_USAGE = YES_ERROR;
				CLANG_WARN_DOCUMENTATION_COMMENTS = YES;
				CLANG_WARN_EMPTY_BODY = YES;
				CLANG_WARN_ENUM_CONVERSION = YES;
				CLANG_WARN_INFINITE_RECURSION = YES;
				CLANG_WARN_INT_CONVERSION = YES;
				CLANG_WARN_OBJC_ROOT_CLASS = YES_ERROR;
				CLANG_WARN_SUSPICIOUS_MOVE = YES;
				CLANG_WARN_UNREACHABLE_CODE = YES;
				CLANG_WARN__DUPLICATE_METHOD_MATCH = YES;
				CODE_SIGN_IDENTITY = "-";
				COPY_PHASE_STRIP = NO;
				DEBUG_INFORMATION_FORMAT = "dwarf-with-dsym";
				ENABLE_NS_ASSERTIONS = NO;
				ENABLE_STRICT_OBJC_MSGSEND = YES;
				GCC_C_LANGUAGE_STANDARD = gnu99;
				GCC_NO_COMMON_BLOCKS = YES;
				GCC_WARN_64_TO_32_BIT_CONVERSION = YES;
				GCC_WARN_ABOUT_RETURN_TYPE = YES_ERROR;
				GCC_WARN_UNDECLARED_SELECTOR = YES;
				GCC_WARN_UNINITIALIZED_AUTOS = YES_AGGRESSIVE;
				GCC_WARN_UNUSED_FUNCTION = YES;
				GCC_WARN_UNUSED_VARIABLE = YES;
				MACOSX_DEPLOYMENT_TARGET = 10.12;
				MTL_ENABLE_DEBUG_INFO = NO;
				SDKROOT = macosx;
			};
			name = Release;
		};
		9042C4AA1F0CC8E50052C393 /* Debug */ = {
			isa = XCBuildConfiguration;
			baseConfigurationReference = 250FFE8252B80B042B282FD2 /* Pods-BuglyHelper.debug.xcconfig */;
			buildSettings = {
				ASSETCATALOG_COMPILER_APPICON_NAME = AppIcon;
				COMBINE_HIDPI_IMAGES = YES;
				DEVELOPMENT_TEAM = 8F3KT864KL;
				INFOPLIST_FILE = BuglyHelper/Info.plist;
				LD_RUNPATH_SEARCH_PATHS = "$(inherited) @executable_path/../Frameworks";
				PRODUCT_BUNDLE_IDENTIFIER = com.Parsifal.BuglyHelper;
				PRODUCT_NAME = "$(TARGET_NAME)";
			};
			name = Debug;
		};
		9042C4AB1F0CC8E50052C393 /* Release */ = {
			isa = XCBuildConfiguration;
			baseConfigurationReference = E8D80EEFF0E810F53EA94F14 /* Pods-BuglyHelper.release.xcconfig */;
			buildSettings = {
				ASSETCATALOG_COMPILER_APPICON_NAME = AppIcon;
				COMBINE_HIDPI_IMAGES = YES;
				DEVELOPMENT_TEAM = 8F3KT864KL;
				INFOPLIST_FILE = BuglyHelper/Info.plist;
				LD_RUNPATH_SEARCH_PATHS = "$(inherited) @executable_path/../Frameworks";
				PRODUCT_BUNDLE_IDENTIFIER = com.Parsifal.BuglyHelper;
				PRODUCT_NAME = "$(TARGET_NAME)";
			};
			name = Release;
		};
/* End XCBuildConfiguration section */

/* Begin XCConfigurationList section */
		9042C4901F0CC8E50052C393 /* Build configuration list for PBXProject "BuglyHelper" */ = {
			isa = XCConfigurationList;
			buildConfigurations = (
				9042C4A71F0CC8E50052C393 /* Debug */,
				9042C4A81F0CC8E50052C393 /* Release */,
			);
			defaultConfigurationIsVisible = 0;
			defaultConfigurationName = Release;
		};
		9042C4A91F0CC8E50052C393 /* Build configuration list for PBXNativeTarget "BuglyHelper" */ = {
			isa = XCConfigurationList;
			buildConfigurations = (
				9042C4AA1F0CC8E50052C393 /* Debug */,
				9042C4AB1F0CC8E50052C393 /* Release */,
			);
			defaultConfigurationIsVisible = 0;
			defaultConfigurationName = Release;
		};
/* End XCConfigurationList section */
	};
	rootObject = 9042C48D1F0CC8E50052C393 /* Project object */;
}
